
Microsoft Visual Studio Solution File, Format Version 12.00
# Visual Studio Version 16
VisualStudioVersion = 16.0.30907.101
MinimumVisualStudioVersion = 10.0.40219.1
Project("{888888A0-9F3D-457C-B088-3A5042F75D52}") = "Doit_Flask_study", "Doit_Flask_study\Doit_Flask_study.pyproj", "{FFEA6353-62BB-425A-A807-6CFFB450DE03}"
EndProject
Global
	GlobalSection(SolutionConfigurationPlatforms) = preSolution
		Debug|Any CPU = Debug|Any CPU
		Release|Any CPU = Release|Any CPU
	EndGlobalSection
	GlobalSection(ProjectConfigurationPlatforms) = postSolution
		{FFEA6353-62BB-425A-A807-6CFFB450DE03}.Debug|Any CPU.ActiveCfg = Debug|Any CPU
		{FFEA6353-62BB-425A-A807-6CFFB450DE03}.Debug|Any CPU.Build.0 = Debug|Any CPU
		{FFEA6353-62BB-425A-A807-6CFFB450DE03}.Release|Any CPU.ActiveCfg = Release|Any CPU
		{FFEA6353-62BB-425A-A807-6CFFB450DE03}.Release|Any CPU.Build.0 = Release|Any CPU
	EndGlobalSection
	GlobalSection(SolutionProperties) = preSolution
		HideSolutionNode = FALSE
	EndGlobalSection
	GlobalSection(ExtensibilityGlobals) = postSolution
		SolutionGuid = {1C07AEDF-C11D-4EA8-A4B5-EC7551451423}
	EndGlobalSection
EndGlobal
